
Microsoft Visual Studio Solution File, Format Version 12.00
# Visual Studio Version 16
VisualStudioVersion = 25.0.1703.3
MinimumVisualStudioVersion = 10.0.40219.1
Project("{FAE04EC0-301F-11D3-BF4B-00C04F79EFBC}") = "Hosptital_Console", "Hosptital_Console\Hosptital_Console.csproj", "{AE51A49D-E60D-441D-9266-FA97D2AE6E56}"
EndProject
Global
	GlobalSection(SolutionConfigurationPlatforms) = preSolution
		Debug|Any CPU = Debug|Any CPU
		Release|Any CPU = Release|Any CPU
	EndGlobalSection
	GlobalSection(ProjectConfigurationPlatforms) = postSolution
		{AE51A49D-E60D-441D-9266-FA97D2AE6E56}.Debug|Any CPU.ActiveCfg = Debug|Any CPU
		{AE51A49D-E60D-441D-9266-FA97D2AE6E56}.Debug|Any CPU.Build.0 = Debug|Any CPU
		{AE51A49D-E60D-441D-9266-FA97D2AE6E56}.Release|Any CPU.ActiveCfg = Release|Any CPU
		{AE51A49D-E60D-441D-9266-FA97D2AE6E56}.Release|Any CPU.Build.0 = Release|Any CPU
	EndGlobalSection
	GlobalSection(SolutionProperties) = preSolution
		HideSolutionNode = FALSE
	EndGlobalSection
	GlobalSection(ExtensibilityGlobals) = postSolution
		SolutionGuid = {3E61B008-6332-469C-B931-F950BFE180C5}
	EndGlobalSection
EndGlobal
